// !$*UTF8*$!
{
	archiveVersion = 1;
	classes = {
	};
	objectVersion = 48;
	objects = {

/* Begin PBXBuildFile section */
		4D355ACF209CDA14002E026B /* AboutViewController.swift in Sources */ = {isa = PBXBuildFile; fileRef = 4D355ACE209CDA14002E026B /* AboutViewController.swift */; };
		4D355AD1209CDF19002E026B /* AuthorViewController.swift in Sources */ = {isa = PBXBuildFile; fileRef = 4D355AD0209CDF19002E026B /* AuthorViewController.swift */; };
		4D355AD3209D27EC002E026B /* BullsEye.html in Resources */ = {isa = PBXBuildFile; fileRef = 4D355AD2209D27EC002E026B /* BullsEye.html */; };
		4DA8DE23209A688E0024785C /* AppDelegate.swift in Sources */ = {isa = PBXBuildFile; fileRef = 4DA8DE22209A688E0024785C /* AppDelegate.swift */; };
		4DA8DE25209A688E0024785C /* ViewController.swift in Sources */ = {isa = PBXBuildFile; fileRef = 4DA8DE24209A688E0024785C /* ViewController.swift */; };
		4DA8DE28209A688E0024785C /* Main.storyboard in Resources */ = {isa = PBXBuildFile; fileRef = 4DA8DE26209A688E0024785C /* Main.storyboard */; };
		4DA8DE2A209A688E0024785C /* Assets.xcassets in Resources */ = {isa = PBXBuildFile; fileRef = 4DA8DE29209A688E0024785C /* Assets.xcassets */; };
		4DA8DE2D209A688E0024785C /* LaunchScreen.storyboard in Resources */ = {isa = PBXBuildFile; fileRef = 4DA8DE2B209A688E0024785C /* LaunchScreen.storyboard */; };
		4DA8DE38209A688F0024785C /* BullsEyeTests.swift in Sources */ = {isa = PBXBuildFile; fileRef = 4DA8DE37209A688F0024785C /* BullsEyeTests.swift */; };
		4DA8DE43209A688F0024785C /* BullsEyeUITests.swift in Sources */ = {isa = PBXBuildFile; fileRef = 4DA8DE42209A688F0024785C /* BullsEyeUITests.swift */; };
/* End PBXBuildFile section */

/* Begin PBXContainerItemProxy section */
		4DA8DE34209A688F0024785C /* PBXContainerItemProxy */ = {
			isa = PBXContainerItemProxy;
			containerPortal = 4DA8DE17209A688E0024785C /* Project object */;
			proxyType = 1;
			remoteGlobalIDString = 4DA8DE1E209A688E0024785C;
			remoteInfo = BullsEye;
		};
		4DA8DE3F209A688F0024785C /* PBXContainerItemProxy */ = {
			isa = PBXContainerItemProxy;
			containerPortal = 4DA8DE17209A688E0024785C /* Project object */;
			proxyType = 1;
			remoteGlobalIDString = 4DA8DE1E209A688E0024785C;
			remoteInfo = BullsEye;
		};
/* End PBXContainerItemProxy section */

/* Begin PBXFileReference section */
		4D355ACE209CDA14002E026B /* AboutViewController.swift */ = {isa = PBXFileReference; lastKnownFileType = sourcecode.swift; path = AboutViewController.swift; sourceTree = "<group>"; };
		4D355AD0209CDF19002E026B /* AuthorViewController.swift */ = {isa = PBXFileReference; lastKnownFileType = sourcecode.swift; path = AuthorViewController.swift; sourceTree = "<group>"; };
		4D355AD2209D27EC002E026B /* BullsEye.html */ = {isa = PBXFileReference; fileEncoding = 4; lastKnownFileType = text.html; path = BullsEye.html; sourceTree = "<group>"; };
		4DA8DE1F209A688E0024785C /* BullsEye.app */ = {isa = PBXFileReference; explicitFileType = wrapper.application; includeInIndex = 0; path = BullsEye.app; sourceTree = BUILT_PRODUCTS_DIR; };
		4DA8DE22209A688E0024785C /* AppDelegate.swift */ = {isa = PBXFileReference; lastKnownFileType = sourcecode.swift; path = AppDelegate.swift; sourceTree = "<group>"; };
		4DA8DE24209A688E0024785C /* ViewController.swift */ = {isa = PBXFileReference; lastKnownFileType = sourcecode.swift; path = ViewController.swift; sourceTree = "<group>"; };
		4DA8DE27209A688E0024785C /* Base */ = {isa = PBXFileReference; lastKnownFileType = file.storyboard; name = Base; path = Base.lproj/Main.storyboard; sourceTree = "<group>"; };
		4DA8DE29209A688E0024785C /* Assets.xcassets */ = {isa = PBXFileReference; lastKnownFileType = folder.assetcatalog; path = Assets.xcassets; sourceTree = "<group>"; };
		4DA8DE2C209A688E0024785C /* Base */ = {isa = PBXFileReference; lastKnownFileType = file.storyboard; name = Base; path = Base.lproj/LaunchScreen.storyboard; sourceTree = "<group>"; };
		4DA8DE2E209A688E0024785C /* Info.plist */ = {isa = PBXFileReference; lastKnownFileType = text.plist.xml; path = Info.plist; sourceTree = "<group>"; };
		4DA8DE33209A688F0024785C /* BullsEyeTests.xctest */ = {isa = PBXFileReference; explicitFileType = wrapper.cfbundle; includeInIndex = 0; path = BullsEyeTests.xctest; sourceTree = BUILT_PRODUCTS_DIR; };
		4DA8DE37209A688F0024785C /* BullsEyeTests.swift */ = {isa = PBXFileReference; lastKnownFileType = sourcecode.swift; path = BullsEyeTests.swift; sourceTree = "<group>"; };
		4DA8DE39209A688F0024785C /* Info.plist */ = {isa = PBXFileReference; lastKnownFileType = text.plist.xml; path = Info.plist; sourceTree = "<group>"; };
		4DA8DE3E209A688F0024785C /* BullsEyeUITests.xctest */ = {isa = PBXFileReference; explicitFileType = wrapper.cfbundle; includeInIndex = 0; path = BullsEyeUITests.xctest; sourceTree = BUILT_PRODUCTS_DIR; };
		4DA8DE42209A688F0024785C /* BullsEyeUITests.swift */ = {isa = PBXFileReference; lastKnownFileType = sourcecode.swift; path = BullsEyeUITests.swift; sourceTree = "<group>"; };
		4DA8DE44209A688F0024785C /* Info.plist */ = {isa = PBXFileReference; lastKnownFileType = text.plist.xml; path = Info.plist; sourceTree = "<group>"; };
/* End PBXFileReference section */

/* Begin PBXFrameworksBuildPhase section */
		4DA8DE1C209A688E0024785C /* Frameworks */ = {
			isa = PBXFrameworksBuildPhase;
			buildActionMask = 2147483647;
			files = (
			);
			runOnlyForDeploymentPostprocessing = 0;
		};
		4DA8DE30209A688F0024785C /* Frameworks */ = {
			isa = PBXFrameworksBuildPhase;
			buildActionMask = 2147483647;
			files = (
			);
			runOnlyForDeploymentPostprocessing = 0;
		};
		4DA8DE3B209A688F0024785C /* Frameworks */ = {
			isa = PBXFrameworksBuildPhase;
			buildActionMask = 2147483647;
			files = (
			);
			runOnlyForDeploymentPostprocessing = 0;
		};
/* End PBXFrameworksBuildPhase section */

/* Begin PBXGroup section */
		4DA8DE16209A688D0024785C = {
			isa = PBXGroup;
			children = (
				4DA8DE21209A688E0024785C /* BullsEye */,
				4DA8DE36209A688F0024785C /* BullsEyeTests */,
				4DA8DE41209A688F0024785C /* BullsEyeUITests */,
				4DA8DE20209A688E0024785C /* Products */,
			);
			sourceTree = "<group>";
		};
		4DA8DE20209A688E0024785C /* Products */ = {
			isa = PBXGroup;
			children = (
				4DA8DE1F209A688E0024785C /* BullsEye.app */,
				4DA8DE33209A688F0024785C /* BullsEyeTests.xctest */,
				4DA8DE3E209A688F0024785C /* BullsEyeUITests.xctest */,
			);
			name = Products;
			sourceTree = "<group>";
		};
		4DA8DE21209A688E0024785C /* BullsEye */ = {
			isa = PBXGroup;
			children = (
				4DA8DE24209A688E0024785C /* ViewController.swift */,
				4DA8DE26209A688E0024785C /* Main.storyboard */,
				4DA8DE50209A68B10024785C /* Others */,
				4D355ACE209CDA14002E026B /* AboutViewController.swift */,
				4D355AD0209CDF19002E026B /* AuthorViewController.swift */,
			);
			path = BullsEye;
			sourceTree = "<group>";
		};
		4DA8DE36209A688F0024785C /* BullsEyeTests */ = {
			isa = PBXGroup;
			children = (
				4DA8DE37209A688F0024785C /* BullsEyeTests.swift */,
				4DA8DE39209A688F0024785C /* Info.plist */,
			);
			path = BullsEyeTests;
			sourceTree = "<group>";
		};
		4DA8DE41209A688F0024785C /* BullsEyeUITests */ = {
			isa = PBXGroup;
			children = (
				4DA8DE42209A688F0024785C /* BullsEyeUITests.swift */,
				4DA8DE44209A688F0024785C /* Info.plist */,
			);
			path = BullsEyeUITests;
			sourceTree = "<group>";
		};
		4DA8DE50209A68B10024785C /* Others */ = {
			isa = PBXGroup;
			children = (
				4D355AD2209D27EC002E026B /* BullsEye.html */,
				4DA8DE2E209A688E0024785C /* Info.plist */,
				4DA8DE22209A688E0024785C /* AppDelegate.swift */,
				4DA8DE29209A688E0024785C /* Assets.xcassets */,
				4DA8DE2B209A688E0024785C /* LaunchScreen.storyboard */,
			);
			path = Others;
			sourceTree = "<group>";
		};
/* End PBXGroup section */

/* Begin PBXNativeTarget section */
		4DA8DE1E209A688E0024785C /* BullsEye */ = {
			isa = PBXNativeTarget;
			buildConfigurationList = 4DA8DE47209A688F0024785C /* Build configuration list for PBXNativeTarget "BullsEye" */;
			buildPhases = (
				4DA8DE1B209A688E0024785C /* Sources */,
				4DA8DE1C209A688E0024785C /* Frameworks */,
				4DA8DE1D209A688E0024785C /* Resources */,
			);
			buildRules = (
			);
			dependencies = (
			);
			name = BullsEye;
			productName = BullsEye;
			productReference = 4DA8DE1F209A688E0024785C /* BullsEye.app */;
			productType = "com.apple.product-type.application";
		};
		4DA8DE32209A688F0024785C /* BullsEyeTests */ = {
			isa = PBXNativeTarget;
			buildConfigurationList = 4DA8DE4A209A688F0024785C /* Build configuration list for PBXNativeTarget "BullsEyeTests" */;
			buildPhases = (
				4DA8DE2F209A688F0024785C /* Sources */,
				4DA8DE30209A688F0024785C /* Frameworks */,
				4DA8DE31209A688F0024785C /* Resources */,
			);
			buildRules = (
			);
			dependencies = (
				4DA8DE35209A688F0024785C /* PBXTargetDependency */,
			);
			name = BullsEyeTests;
			productName = BullsEyeTests;
			productReference = 4DA8DE33209A688F0024785C /* BullsEyeTests.xctest */;
			productType = "com.apple.product-type.bundle.unit-test";
		};
		4DA8DE3D209A688F0024785C /* BullsEyeUITests */ = {
			isa = PBXNativeTarget;
			buildConfigurationList = 4DA8DE4D209A688F0024785C /* Build configuration list for PBXNativeTarget "BullsEyeUITests" */;
			buildPhases = (
				4DA8DE3A209A688F0024785C /* Sources */,
				4DA8DE3B209A688F0024785C /* Frameworks */,
				4DA8DE3C209A688F0024785C /* Resources */,
			);
			buildRules = (
			);
			dependencies = (
				4DA8DE40209A688F0024785C /* PBXTargetDependency */,
			);
			name = BullsEyeUITests;
			productName = BullsEyeUITests;
			productReference = 4DA8DE3E209A688F0024785C /* BullsEyeUITests.xctest */;
			productType = "com.apple.product-type.bundle.ui-testing";
		};
/* End PBXNativeTarget section */

/* Begin PBXProject section */
		4DA8DE17209A688E0024785C /* Project object */ = {
			isa = PBXProject;
			attributes = {
				LastSwiftUpdateCheck = 0920;
				LastUpgradeCheck = 0920;
				ORGANIZATIONNAME = "Alejandro Barranco";
				TargetAttributes = {
					4DA8DE1E209A688E0024785C = {
						CreatedOnToolsVersion = 9.2;
						ProvisioningStyle = Automatic;
					};
					4DA8DE32209A688F0024785C = {
						CreatedOnToolsVersion = 9.2;
						ProvisioningStyle = Automatic;
						TestTargetID = 4DA8DE1E209A688E0024785C;
					};
					4DA8DE3D209A688F0024785C = {
						CreatedOnToolsVersion = 9.2;
						ProvisioningStyle = Automatic;
						TestTargetID = 4DA8DE1E209A688E0024785C;
					};
				};
			};
			buildConfigurationList = 4DA8DE1A209A688E0024785C /* Build configuration list for PBXProject "BullsEye" */;
			compatibilityVersion = "Xcode 8.0";
			developmentRegion = en;
			hasScannedForEncodings = 0;
			knownRegions = (
				en,
				Base,
			);
			mainGroup = 4DA8DE16209A688D0024785C;
			productRefGroup = 4DA8DE20209A688E0024785C /* Products */;
			projectDirPath = "";
			projectRoot = "";
			targets = (
				4DA8DE1E209A688E0024785C /* BullsEye */,
				4DA8DE32209A688F0024785C /* BullsEyeTests */,
				4DA8DE3D209A688F0024785C /* BullsEyeUITests */,
			);
		};
/* End PBXProject section */

/* Begin PBXResourcesBuildPhase section */
		4DA8DE1D209A688E0024785C /* Resources */ = {
			isa = PBXResourcesBuildPhase;
			buildActionMask = 2147483647;
			files = (
				4DA8DE2D209A688E0024785C /* LaunchScreen.storyboard in Resources */,
				4D355AD3209D27EC002E026B /* BullsEye.html in Resources */,
				4DA8DE2A209A688E0024785C /* Assets.xcassets in Resources */,
				4DA8DE28209A688E0024785C /* Main.storyboard in Resources */,
			);
			runOnlyForDeploymentPostprocessing = 0;
		};
		4DA8DE31209A688F0024785C /* Resources */ = {
			isa = PBXResourcesBuildPhase;
			buildActionMask = 2147483647;
			files = (
			);
			runOnlyForDeploymentPostprocessing = 0;
		};
		4DA8DE3C209A688F0024785C /* Resources */ = {
			isa = PBXResourcesBuildPhase;
			buildActionMask = 2147483647;
			files = (
			);
			runOnlyForDeploymentPostprocessing = 0;
		};
/* End PBXResourcesBuildPhase section */

/* Begin PBXSourcesBuildPhase section */
		4DA8DE1B209A688E0024785C /* Sources */ = {
			isa = PBXSourcesBuildPhase;
			buildActionMask = 2147483647;
			files = (
				4D355ACF209CDA14002E026B /* AboutViewController.swift in Sources */,
				4DA8DE25209A688E0024785C /* ViewController.swift in Sources */,
				4DA8DE23209A688E0024785C /* AppDelegate.swift in Sources */,
				4D355AD1209CDF19002E026B /* AuthorViewController.swift in Sources */,
			);
			runOnlyForDeploymentPostprocessing = 0;
		};
		4DA8DE2F209A688F0024785C /* Sources */ = {
			isa = PBXSourcesBuildPhase;
			buildActionMask = 2147483647;
			files = (
				4DA8DE38209A688F0024785C /* BullsEyeTests.swift in Sources */,
			);
			runOnlyForDeploymentPostprocessing = 0;
		};
		4DA8DE3A209A688F0024785C /* Sources */ = {
			isa = PBXSourcesBuildPhase;
			buildActionMask = 2147483647;
			files = (
				4DA8DE43209A688F0024785C /* BullsEyeUITests.swift in Sources */,
			);
			runOnlyForDeploymentPostprocessing = 0;
		};
/* End PBXSourcesBuildPhase section */

/* Begin PBXTargetDependency section */
		4DA8DE35209A688F0024785C /* PBXTargetDependency */ = {
			isa = PBXTargetDependency;
			target = 4DA8DE1E209A688E0024785C /* BullsEye */;
			targetProxy = 4DA8DE34209A688F0024785C /* PBXContainerItemProxy */;
		};
		4DA8DE40209A688F0024785C /* PBXTargetDependency */ = {
			isa = PBXTargetDependency;
			target = 4DA8DE1E209A688E0024785C /* BullsEye */;
			targetProxy = 4DA8DE3F209A688F0024785C /* PBXContainerItemProxy */;
		};
/* End PBXTargetDependency section */

/* Begin PBXVariantGroup section */
		4DA8DE26209A688E0024785C /* Main.storyboard */ = {
			isa = PBXVariantGroup;
			children = (
				4DA8DE27209A688E0024785C /* Base */,
			);
			name = Main.storyboard;
			sourceTree = "<group>";
		};
		4DA8DE2B209A688E0024785C /* LaunchScreen.storyboard */ = {
			isa = PBXVariantGroup;
			children = (
				4DA8DE2C209A688E0024785C /* Base */,
			);
			name = LaunchScreen.storyboard;
			sourceTree = "<group>";
		};
/* End PBXVariantGroup section */

/* Begin XCBuildConfiguration section */
		4DA8DE45209A688F0024785C /* Debug */ = {
			isa = XCBuildConfiguration;
			buildSettings = {
				ALWAYS_SEARCH_USER_PATHS = NO;
				CLANG_ANALYZER_NONNULL = YES;
				CLANG_ANALYZER_NUMBER_OBJECT_CONVERSION = YES_AGGRESSIVE;
				CLANG_CXX_LANGUAGE_STANDARD = "gnu++14";
				CLANG_CXX_LIBRARY = "libc++";
				CLANG_ENABLE_MODULES = YES;
				CLANG_ENABLE_OBJC_ARC = YES;
				CLANG_WARN_BLOCK_CAPTURE_AUTORELEASING = YES;
				CLANG_WARN_BOOL_CONVERSION = YES;
				CLANG_WARN_COMMA = YES;
				CLANG_WARN_CONSTANT_CONVERSION = YES;
				CLANG_WARN_DIRECT_OBJC_ISA_USAGE = YES_ERROR;
				CLANG_WARN_DOCUMENTATION_COMMENTS = YES;
				CLANG_WARN_EMPTY_BODY = YES;
				CLANG_WARN_ENUM_CONVERSION = YES;
				CLANG_WARN_INFINITE_RECURSION = YES;
				CLANG_WARN_INT_CONVERSION = YES;
				CLANG_WARN_NON_LITERAL_NULL_CONVERSION = YES;
				CLANG_WARN_OBJC_LITERAL_CONVERSION = YES;
				CLANG_WARN_OBJC_ROOT_CLASS = YES_ERROR;
				CLANG_WARN_RANGE_LOOP_ANALYSIS = YES;
				CLANG_WARN_STRICT_PROTOTYPES = YES;
				CLANG_WARN_SUSPICIOUS_MOVE = YES;
				CLANG_WARN_UNGUARDED_AVAILABILITY = YES_AGGRESSIVE;
				CLANG_WARN_UNREACHABLE_CODE = YES;
				CLANG_WARN__DUPLICATE_METHOD_MATCH = YES;
				CODE_SIGN_IDENTITY = "iPhone Developer";
				COPY_PHASE_STRIP = NO;
				DEBUG_INFORMATION_FORMAT = dwarf;
				ENABLE_STRICT_OBJC_MSGSEND = YES;
				ENABLE_TESTABILITY = YES;
				GCC_C_LANGUAGE_STANDARD = gnu11;
				GCC_DYNAMIC_NO_PIC = NO;
				GCC_NO_COMMON_BLOCKS = YES;
				GCC_OPTIMIZATION_LEVEL = 0;
				GCC_PREPROCESSOR_DEFINITIONS = (
					"DEBUG=1",
					"$(inherited)",
				);
				GCC_WARN_64_TO_32_BIT_CONVERSION = YES;
				GCC_WARN_ABOUT_RETURN_TYPE = YES_ERROR;
				GCC_WARN_UNDECLARED_SELECTOR = YES;
				GCC_WARN_UNINITIALIZED_AUTOS = YES_AGGRESSIVE;
				GCC_WARN_UNUSED_FUNCTION = YES;
				GCC_WARN_UNUSED_VARIABLE = YES;
				IPHONEOS_DEPLOYMENT_TARGET = 11.2;
				MTL_ENABLE_DEBUG_INFO = YES;
				ONLY_ACTIVE_ARCH = YES;
				SDKROOT = iphoneos;
				SWIFT_ACTIVE_COMPILATION_CONDITIONS = DEBUG;
				SWIFT_OPTIMIZATION_LEVEL = "-Onone";
			};
			name = Debug;
		};
		4DA8DE46209A688F0024785C /* Release */ = {
			isa = XCBuildConfiguration;
			buildSettings = {
				ALWAYS_SEARCH_USER_PATHS = NO;
				CLANG_ANALYZER_NONNULL = YES;
				CLANG_ANALYZER_NUMBER_OBJECT_CONVERSION = YES_AGGRESSIVE;
				CLANG_CXX_LANGUAGE_STANDARD = "gnu++14";
				CLANG_CXX_LIBRARY = "libc++";
				CLANG_ENABLE_MODULES = YES;
				CLANG_ENABLE_OBJC_ARC = YES;
				CLANG_WARN_BLOCK_CAPTURE_AUTORELEASING = YES;
				CLANG_WARN_BOOL_CONVERSION = YES;
				CLANG_WARN_COMMA = YES;
				CLANG_WARN_CONSTANT_CONVERSION = YES;
				CLANG_WARN_DIRECT_OBJC_ISA_USAGE = YES_ERROR;
				CLANG_WARN_DOCUMENTATION_COMMENTS = YES;
				CLANG_WARN_EMPTY_BODY = YES;
				CLANG_WARN_ENUM_CONVERSION = YES;
				CLANG_WARN_INFINITE_RECURSION = YES;
				CLANG_WARN_INT_CONVERSION = YES;
				CLANG_WARN_NON_LITERAL_NULL_CONVERSION = YES;
				CLANG_WARN_OBJC_LITERAL_CONVERSION = YES;
				CLANG_WARN_OBJC_ROOT_CLASS = YES_ERROR;
				CLANG_WARN_RANGE_LOOP_ANALYSIS = YES;
				CLANG_WARN_STRICT_PROTOTYPES = YES;
				CLANG_WARN_SUSPICIOUS_MOVE = YES;
				CLANG_WARN_UNGUARDED_AVAILABILITY = YES_AGGRESSIVE;
				CLANG_WARN_UNREACHABLE_CODE = YES;
				CLANG_WARN__DUPLICATE_METHOD_MATCH = YES;
				CODE_SIGN_IDENTITY = "iPhone Developer";
				COPY_PHASE_STRIP = NO;
				DEBUG_INFORMATION_FORMAT = "dwarf-with-dsym";
				ENABLE_NS_ASSERTIONS = NO;
				ENABLE_STRICT_OBJC_MSGSEND = YES;
				GCC_C_LANGUAGE_STANDARD = gnu11;
				GCC_NO_COMMON_BLOCKS = YES;
				GCC_WARN_64_TO_32_BIT_CONVERSION = YES;
				GCC_WARN_ABOUT_RETURN_TYPE = YES_ERROR;
				GCC_WARN_UNDECLARED_SELECTOR = YES;
				GCC_WARN_UNINITIALIZED_AUTOS = YES_AGGRESSIVE;
				GCC_WARN_UNUSED_FUNCTION = YES;
				GCC_WARN_UNUSED_VARIABLE = YES;
				IPHONEOS_DEPLOYMENT_TARGET = 11.2;
				MTL_ENABLE_DEBUG_INFO = NO;
				SDKROOT = iphoneos;
				SWIFT_OPTIMIZATION_LEVEL = "-Owholemodule";
				VALIDATE_PRODUCT = YES;
			};
			name = Release;
		};
		4DA8DE48209A688F0024785C /* Debug */ = {
			isa = XCBuildConfiguration;
			buildSettings = {
				ASSETCATALOG_COMPILER_APPICON_NAME = AppIcon;
				CODE_SIGN_STYLE = Automatic;
				DEVELOPMENT_TEAM = FJAC2DB79M;
				INFOPLIST_FILE = "$(SRCROOT)/BullsEye/Others/Info.plist";
				IPHONEOS_DEPLOYMENT_TARGET = 10.0;
				LD_RUNPATH_SEARCH_PATHS = "$(inherited) @executable_path/Frameworks";
				PRODUCT_BUNDLE_IDENTIFIER = com.alejandro.barranco.BullsEye;
				PRODUCT_NAME = "$(TARGET_NAME)";
				SWIFT_VERSION = 4.0;
				TARGETED_DEVICE_FAMILY = "1,2";
			};
			name = Debug;
		};
		4DA8DE49209A688F0024785C /* Release */ = {
			isa = XCBuildConfiguration;
			buildSettings = {
				ASSETCATALOG_COMPILER_APPICON_NAME = AppIcon;
				CODE_SIGN_STYLE = Automatic;
				DEVELOPMENT_TEAM = FJAC2DB79M;
				INFOPLIST_FILE = "$(SRCROOT)/BullsEye/Others/Info.plist";
				IPHONEOS_DEPLOYMENT_TARGET = 10.0;
				LD_RUNPATH_SEARCH_PATHS = "$(inherited) @executable_path/Frameworks";
				PRODUCT_BUNDLE_IDENTIFIER = com.alejandro.barranco.BullsEye;
				PRODUCT_NAME = "$(TARGET_NAME)";
				SWIFT_VERSION = 4.0;
				TARGETED_DEVICE_FAMILY = "1,2";
			};
			name = Release;
		};
		4DA8DE4B209A688F0024785C /* Debug */ = {
			isa = XCBuildConfiguration;
			buildSettings = {
				ALWAYS_EMBED_SWIFT_STANDARD_LIBRARIES = YES;
				BUNDLE_LOADER = "$(TEST_HOST)";
				CODE_SIGN_STYLE = Automatic;
				DEVELOPMENT_TEAM = FJAC2DB79M;
				INFOPLIST_FILE = BullsEyeTests/Info.plist;
				LD_RUNPATH_SEARCH_PATHS = "$(inherited) @executable_path/Frameworks @loader_path/Frameworks";
				PRODUCT_BUNDLE_IDENTIFIER = com.alejandro.barranco.BullsEyeTests;
				PRODUCT_NAME = "$(TARGET_NAME)";
				SWIFT_VERSION = 4.0;
				TARGETED_DEVICE_FAMILY = "1,2";
				TEST_HOST = "$(BUILT_PRODUCTS_DIR)/BullsEye.app/BullsEye";
			};
			name = Debug;
		};
		4DA8DE4C209A688F0024785C /* Release */ = {
			isa = XCBuildConfiguration;
			buildSettings = {
				ALWAYS_EMBED_SWIFT_STANDARD_LIBRARIES = YES;
				BUNDLE_LOADER = "$(TEST_HOST)";
				CODE_SIGN_STYLE = Automatic;
				DEVELOPMENT_TEAM = FJAC2DB79M;
				INFOPLIST_FILE = BullsEyeTests/Info.plist;
				LD_RUNPATH_SEARCH_PATHS = "$(inherited) @executable_path/Frameworks @loader_path/Frameworks";
				PRODUCT_BUNDLE_IDENTIFIER = com.alejandro.barranco.BullsEyeTests;
				PRODUCT_NAME = "$(TARGET_NAME)";
				SWIFT_VERSION = 4.0;
				TARGETED_DEVICE_FAMILY = "1,2";
				TEST_HOST = "$(BUILT_PRODUCTS_DIR)/BullsEye.app/BullsEye";
			};
			name = Release;
		};
		4DA8DE4E209A688F0024785C /* Debug */ = {
			isa = XCBuildConfiguration;
			buildSettings = {
				ALWAYS_EMBED_SWIFT_STANDARD_LIBRARIES = YES;
				CODE_SIGN_STYLE = Automatic;
				DEVELOPMENT_TEAM = FJAC2DB79M;
				INFOPLIST_FILE = BullsEyeUITests/Info.plist;
				LD_RUNPATH_SEARCH_PATHS = "$(inherited) @executable_path/Frameworks @loader_path/Frameworks";
				PRODUCT_BUNDLE_IDENTIFIER = com.alejandro.barranco.BullsEyeUITests;
				PRODUCT_NAME = "$(TARGET_NAME)";
				SWIFT_VERSION = 4.0;
				TARGETED_DEVICE_FAMILY = "1,2";
				TEST_TARGET_NAME = BullsEye;
			};
			name = Debug;
		};
		4DA8DE4F209A688F0024785C /* Release */ = {
			isa = XCBuildConfiguration;
			buildSettings = {
				ALWAYS_EMBED_SWIFT_STANDARD_LIBRARIES = YES;
				CODE_SIGN_STYLE = Automatic;
				DEVELOPMENT_TEAM = FJAC2DB79M;
				INFOPLIST_FILE = BullsEyeUITests/Info.plist;
				LD_RUNPATH_SEARCH_PATHS = "$(inherited) @executable_path/Frameworks @loader_path/Frameworks";
				PRODUCT_BUNDLE_IDENTIFIER = com.alejandro.barranco.BullsEyeUITests;
				PRODUCT_NAME = "$(TARGET_NAME)";
				SWIFT_VERSION = 4.0;
				TARGETED_DEVICE_FAMILY = "1,2";
				TEST_TARGET_NAME = BullsEye;
			};
			name = Release;
		};
/* End XCBuildConfiguration section */

/* Begin XCConfigurationList section */
		4DA8DE1A209A688E0024785C /* Build configuration list for PBXProject "BullsEye" */ = {
			isa = XCConfigurationList;
			buildConfigurations = (
				4DA8DE45209A688F0024785C /* Debug */,
				4DA8DE46209A688F0024785C /* Release */,
			);
			defaultConfigurationIsVisible = 0;
			defaultConfigurationName = Release;
		};
		4DA8DE47209A688F0024785C /* Build configuration list for PBXNativeTarget "BullsEye" */ = {
			isa = XCConfigurationList;
			buildConfigurations = (
				4DA8DE48209A688F0024785C /* Debug */,
				4DA8DE49209A688F0024785C /* Release */,
			);
			defaultConfigurationIsVisible = 0;
			defaultConfigurationName = Release;
		};
		4DA8DE4A209A688F0024785C /* Build configuration list for PBXNativeTarget "BullsEyeTests" */ = {
			isa = XCConfigurationList;
			buildConfigurations = (
				4DA8DE4B209A688F0024785C /* Debug */,
				4DA8DE4C209A688F0024785C /* Release */,
			);
			defaultConfigurationIsVisible = 0;
			defaultConfigurationName = Release;
		};
		4DA8DE4D209A688F0024785C /* Build configuration list for PBXNativeTarget "BullsEyeUITests" */ = {
			isa = XCConfigurationList;
			buildConfigurations = (
				4DA8DE4E209A688F0024785C /* Debug */,
				4DA8DE4F209A688F0024785C /* Release */,
			);
			defaultConfigurationIsVisible = 0;
			defaultConfigurationName = Release;
		};
/* End XCConfigurationList section */
	};
	rootObject = 4DA8DE17209A688E0024785C /* Project object */;
}
